Microsoft Visual Studio Solution File, Format Version 12.00
# Visual Studio Version 17
VisualStudioVersion = 17.13.35931.197
MinimumVisualStudioVersion = 10.0.40219.1
Project("{FAE04EC0-301F-11D3-BF4B-00C04F79EFBC}") = "Estacionamento", "Estacionamento.csproj", "{ECBAAD90-4ED1-4A16-95DC-E1417B7DF958}"
EndProject
Global
	GlobalSection(SolutionConfigurationPlatforms) = preSolution
		Debug|Any CPU = Debug|Any CPU
		Release|Any CPU = Release|Any CPU
	EndGlobalSection
	GlobalSection(ProjectConfigurationPlatforms) = postSolution
		{ECBAAD90-4ED1-4A16-95DC-E1417B7DF958}.Debug|Any CPU.ActiveCfg = Debug|Any CPU
		{ECBAAD90-4ED1-4A16-95DC-E1417B7DF958}.Debug|Any CPU.Build.0 = Debug|Any CPU
		{ECBAAD90-4ED1-4A16-95DC-E1417B7DF958}.Release|Any CPU.ActiveCfg = Release|Any CPU
		{ECBAAD90-4ED1-4A16-95DC-E1417B7DF958}.Release|Any CPU.Build.0 = Release|Any CPU
	EndGlobalSection
	GlobalSection(SolutionProperties) = preSolution
		HideSolutionNode = FALSE
	EndGlobalSection
	GlobalSection(ExtensibilityGlobals) = postSolution
		SolutionGuid = {DC28E545-ED3B-46A7-8DB1-92012E05685C}
	EndGlobalSection
EndGlobal
